
Microsoft Visual Studio Solution File, Format Version 12.00
# Visual Studio Version 16
VisualStudioVersion = 16.0.30128.74
MinimumVisualStudioVersion = 10.0.40219.1
Project("{FAE04EC0-301F-11D3-BF4B-00C04F79EFBC}") = "ConsoleApplication1", "ConsoleApplication1\ConsoleApplication1.csproj", "{9DFC3066-31E8-4483-A3EA-421E68B5CD14}"
EndProject
Project("{FAE04EC0-301F-11D3-BF4B-00C04F79EFBC}") = "ConsoleApplication1Tests", "ConsoleApplication1Tests\ConsoleApplication1Tests.csproj", "{E43F4A49-2B33-4963-A43F-A35F046AF042}"
EndProject
Global
	GlobalSection(SolutionConfigurationPlatforms) = preSolution
		Debug|Any CPU = Debug|Any CPU
		Debug|x86 = Debug|x86
		Release|Any CPU = Release|Any CPU
		Release|x86 = Release|x86
	EndGlobalSection
	GlobalSection(ProjectConfigurationPlatforms) = postSolution
		{9DFC3066-31E8-4483-A3EA-421E68B5CD14}.Debug|Any CPU.ActiveCfg = Debug|x86
		{9DFC3066-31E8-4483-A3EA-421E68B5CD14}.Debug|x86.ActiveCfg = Debug|x86
		{9DFC3066-31E8-4483-A3EA-421E68B5CD14}.Debug|x86.Build.0 = Debug|x86
		{9DFC3066-31E8-4483-A3EA-421E68B5CD14}.Release|Any CPU.ActiveCfg = Release|x86
		{9DFC3066-31E8-4483-A3EA-421E68B5CD14}.Release|x86.ActiveCfg = Release|x86
		{9DFC3066-31E8-4483-A3EA-421E68B5CD14}.Release|x86.Build.0 = Release|x86
		{E43F4A49-2B33-4963-A43F-A35F046AF042}.Debug|Any CPU.ActiveCfg = Debug|Any CPU
		{E43F4A49-2B33-4963-A43F-A35F046AF042}.Debug|Any CPU.Build.0 = Debug|Any CPU
		{E43F4A49-2B33-4963-A43F-A35F046AF042}.Debug|x86.ActiveCfg = Debug|Any CPU
		{E43F4A49-2B33-4963-A43F-A35F046AF042}.Debug|x86.Build.0 = Debug|Any CPU
		{E43F4A49-2B33-4963-A43F-A35F046AF042}.Release|Any CPU.ActiveCfg = Release|Any CPU
		{E43F4A49-2B33-4963-A43F-A35F046AF042}.Release|Any CPU.Build.0 = Release|Any CPU
		{E43F4A49-2B33-4963-A43F-A35F046AF042}.Release|x86.ActiveCfg = Release|Any CPU
		{E43F4A49-2B33-4963-A43F-A35F046AF042}.Release|x86.Build.0 = Release|Any CPU
	EndGlobalSection
	GlobalSection(SolutionProperties) = preSolution
		HideSolutionNode = FALSE
	EndGlobalSection
	GlobalSection(ExtensibilityGlobals) = postSolution
		SolutionGuid = {E55F7C6A-B864-49E0-A252-526CEF1524E9}
	EndGlobalSection
EndGlobal
